
Microsoft Visual Studio Solution File, Format Version 12.00
# Visual Studio Version 16
VisualStudioVersion = 16.0.30114.105
MinimumVisualStudioVersion = 10.0.40219.1
Project("{FAE04EC0-301F-11D3-BF4B-00C04F79EFBC}") = "Assignment1", "Assignment1\Assignment1.csproj", "{CDBB3617-8202-45A8-8268-3D0997F984F0}"
EndProject
Project("{FAE04EC0-301F-11D3-BF4B-00C04F79EFBC}") = "Assignment1.Tests", "Assignment1.Tests\Assignment1.Tests.csproj", "{DBECED07-C476-4FF5-8D76-39E772092088}"
EndProject
Global
	GlobalSection(SolutionConfigurationPlatforms) = preSolution
		Debug|Any CPU = Debug|Any CPU
		Debug|x64 = Debug|x64
		Debug|x86 = Debug|x86
		Release|Any CPU = Release|Any CPU
		Release|x64 = Release|x64
		Release|x86 = Release|x86
	EndGlobalSection
	GlobalSection(SolutionProperties) = preSolution
		HideSolutionNode = FALSE
	EndGlobalSection
	GlobalSection(ProjectConfigurationPlatforms) = postSolution
		{CDBB3617-8202-45A8-8268-3D0997F984F0}.Debug|Any CPU.ActiveCfg = Debug|Any CPU
		{CDBB3617-8202-45A8-8268-3D0997F984F0}.Debug|Any CPU.Build.0 = Debug|Any CPU
		{CDBB3617-8202-45A8-8268-3D0997F984F0}.Debug|x64.ActiveCfg = Debug|Any CPU
		{CDBB3617-8202-45A8-8268-3D0997F984F0}.Debug|x64.Build.0 = Debug|Any CPU
		{CDBB3617-8202-45A8-8268-3D0997F984F0}.Debug|x86.ActiveCfg = Debug|Any CPU
		{CDBB3617-8202-45A8-8268-3D0997F984F0}.Debug|x86.Build.0 = Debug|Any CPU
		{CDBB3617-8202-45A8-8268-3D0997F984F0}.Release|Any CPU.ActiveCfg = Release|Any CPU
		{CDBB3617-8202-45A8-8268-3D0997F984F0}.Release|Any CPU.Build.0 = Release|Any CPU
		{CDBB3617-8202-45A8-8268-3D0997F984F0}.Release|x64.ActiveCfg = Release|Any CPU
		{CDBB3617-8202-45A8-8268-3D0997F984F0}.Release|x64.Build.0 = Release|Any CPU
		{CDBB3617-8202-45A8-8268-3D0997F984F0}.Release|x86.ActiveCfg = Release|Any CPU
		{CDBB3617-8202-45A8-8268-3D0997F984F0}.Release|x86.Build.0 = Release|Any CPU
		{DBECED07-C476-4FF5-8D76-39E772092088}.Debug|Any CPU.ActiveCfg = Debug|Any CPU
		{DBECED07-C476-4FF5-8D76-39E772092088}.Debug|Any CPU.Build.0 = Debug|Any CPU
		{DBECED07-C476-4FF5-8D76-39E772092088}.Debug|x64.ActiveCfg = Debug|Any CPU
		{DBECED07-C476-4FF5-8D76-39E772092088}.Debug|x64.Build.0 = Debug|Any CPU
		{DBECED07-C476-4FF5-8D76-39E772092088}.Debug|x86.ActiveCfg = Debug|Any CPU
		{DBECED07-C476-4FF5-8D76-39E772092088}.Debug|x86.Build.0 = Debug|Any CPU
		{DBECED07-C476-4FF5-8D76-39E772092088}.Release|Any CPU.ActiveCfg = Release|Any CPU
		{DBECED07-C476-4FF5-8D76-39E772092088}.Release|Any CPU.Build.0 = Release|Any CPU
		{DBECED07-C476-4FF5-8D76-39E772092088}.Release|x64.ActiveCfg = Release|Any CPU
		{DBECED07-C476-4FF5-8D76-39E772092088}.Release|x64.Build.0 = Release|Any CPU
		{DBECED07-C476-4FF5-8D76-39E772092088}.Release|x86.ActiveCfg = Release|Any CPU
		{DBECED07-C476-4FF5-8D76-39E772092088}.Release|x86.Build.0 = Release|Any CPU
	EndGlobalSection
EndGlobal
